
Microsoft Visual Studio Solution File, Format Version 12.00
# Visual Studio Version 16
VisualStudioVersion = 16.0.32510.428
MinimumVisualStudioVersion = 10.0.40219.1
Project("{FAE04EC0-301F-11D3-BF4B-00C04F79EFBC}") = "risdashboard", "risdashboard\risdashboard.csproj", "{8A717988-1D7E-4503-8DB5-D0A5C88963ED}"
EndProject
Project("{FAE04EC0-301F-11D3-BF4B-00C04F79EFBC}") = "risdashupload", "risdashupload\risdashupload.csproj", "{9FF99D14-E2A5-431E-8E93-5984A802B3A3}"
EndProject
Project("{FAE04EC0-301F-11D3-BF4B-00C04F79EFBC}") = "awsexport", "awsexport\awsexport.csproj", "{C0F5DF7F-129A-4A96-AC4C-6FFF9E632E8E}"
EndProject
Global
	GlobalSection(SolutionConfigurationPlatforms) = preSolution
		Debug|Any CPU = Debug|Any CPU
		Release|Any CPU = Release|Any CPU
	EndGlobalSection
	GlobalSection(ProjectConfigurationPlatforms) = postSolution
		{8A717988-1D7E-4503-8DB5-D0A5C88963ED}.Debug|Any CPU.ActiveCfg = Debug|Any CPU
		{8A717988-1D7E-4503-8DB5-D0A5C88963ED}.Debug|Any CPU.Build.0 = Debug|Any CPU
		{8A717988-1D7E-4503-8DB5-D0A5C88963ED}.Release|Any CPU.ActiveCfg = Release|Any CPU
		{8A717988-1D7E-4503-8DB5-D0A5C88963ED}.Release|Any CPU.Build.0 = Release|Any CPU
		{9FF99D14-E2A5-431E-8E93-5984A802B3A3}.Debug|Any CPU.ActiveCfg = Debug|Any CPU
		{9FF99D14-E2A5-431E-8E93-5984A802B3A3}.Debug|Any CPU.Build.0 = Debug|Any CPU
		{9FF99D14-E2A5-431E-8E93-5984A802B3A3}.Release|Any CPU.ActiveCfg = Release|Any CPU
		{9FF99D14-E2A5-431E-8E93-5984A802B3A3}.Release|Any CPU.Build.0 = Release|Any CPU
		{C0F5DF7F-129A-4A96-AC4C-6FFF9E632E8E}.Debug|Any CPU.ActiveCfg = Debug|Any CPU
		{C0F5DF7F-129A-4A96-AC4C-6FFF9E632E8E}.Debug|Any CPU.Build.0 = Debug|Any CPU
		{C0F5DF7F-129A-4A96-AC4C-6FFF9E632E8E}.Release|Any CPU.ActiveCfg = Release|Any CPU
		{C0F5DF7F-129A-4A96-AC4C-6FFF9E632E8E}.Release|Any CPU.Build.0 = Release|Any CPU
	EndGlobalSection
	GlobalSection(SolutionProperties) = preSolution
		HideSolutionNode = FALSE
	EndGlobalSection
	GlobalSection(ExtensibilityGlobals) = postSolution
		SolutionGuid = {3E326923-42CE-449D-BD5F-4859FC9C8E00}
	EndGlobalSection
EndGlobal
